PODS:
  - QZCommon (0.0.5):
    - QZCommon/All (= 0.0.5)
    - QZCommon/Base (= 0.0.5)
    - QZCommon/Network (= 0.0.5)
    - QZCommon/UI (= 0.0.5)
  - QZCommon/All (0.0.5):
    - QZCommon/Base
    - QZCommon/Network
    - QZCommon/UI
  - QZCommon/Base (0.0.5)
  - QZCommon/Network (0.0.5)
  - QZCommon/UI (0.0.5)
  - TXBeacon (0.0.2):
    - TXBeacon/Audit (= 0.0.2)
    - TXBeacon/Base (= 0.0.2)
    - TXBeacon/Log (= 0.0.2)
    - TXBeacon/Speed (= 0.0.2)
    - TXBeacon/Track (= 0.0.2)
  - TXBeacon/Audit (0.0.2):
    - TXBeacon/Base
  - TXBeacon/Base (0.0.2)
  - TXBeacon/Log (0.0.2):
    - TXBeacon/Base
  - TXBeacon/Speed (0.0.2):
    - TXBeacon/Base
  - TXBeacon/Track (0.0.2):
    - TXBeacon/Base

DEPENDENCIES:
  - QZCommon (from `../../`)
  - TXBeacon (from `../../`)

EXTERNAL SOURCES:
  QZCommon:
    :path: "../../"
  TXBeacon:
    :path: "../../"

SPEC CHECKSUMS:
  QZCommon: 7fac6029f35112018cd5cffa6840382985ec9fb9
  TXBeacon: 9427ff737a02322ee60e002684d7d9b7b9250608

PODFILE CHECKSUM: 24d8f36867095f40616280d2cb7e1e7db07bf67c

COCOAPODS: 1.5.0
