PODS:
  - TXBeacon (0.0.2):
    - TXBeacon/Audit (= 0.0.2)
    - TXBeacon/Base (= 0.0.2)
    - TXBeacon/Log (= 0.0.2)
    - TXBeacon/Speed (= 0.0.2)
    - TXBeacon/Track (= 0.0.2)
  - TXBeacon/Audit (0.0.2):
    - TXBeacon/Base
  - TXBeacon/Base (0.0.2)
  - TXBeacon/Log (0.0.2):
    - TXBeacon/Base
  - TXBeacon/Speed (0.0.2):
    - TXBeacon/Base
  - TXBeacon/Track (0.0.2):
    - TXBeacon/Base

DEPENDENCIES:
  - TXBeacon (from `../../`)

EXTERNAL SOURCES:
  TXBeacon:
    :path: "../../"

SPEC CHECKSUMS:
  TXBeacon: 4c7f1ca2f2b92fb92723f1e038198d72571c761a

PODFILE CHECKSUM: e24d2d921efea82fd71d7319b10766bfbea8244d

COCOAPODS: 1.5.0
